
Microsoft Visual Studio Solution File, Format Version 12.00
# Visual Studio Version 17
VisualStudioVersion = 17.0.32112.339
MinimumVisualStudioVersion = 10.0.40219.1
Project("{FAE04EC0-301F-11D3-BF4B-00C04F79EFBC}") = "Homework Log", "Homework Log.csproj", "{444BDC96-885E-4101-BC82-7F56D4844766}"
EndProject
Global
	GlobalSection(SolutionConfigurationPlatforms) = preSolution
		Debug|Any CPU = Debug|Any CPU
		Release|Any CPU = Release|Any CPU
	EndGlobalSection
	GlobalSection(ProjectConfigurationPlatforms) = postSolution
		{444BDC96-885E-4101-BC82-7F56D4844766}.Debug|Any CPU.ActiveCfg = Debug|Any CPU
		{444BDC96-885E-4101-BC82-7F56D4844766}.Debug|Any CPU.Build.0 = Debug|Any CPU
		{444BDC96-885E-4101-BC82-7F56D4844766}.Release|Any CPU.ActiveCfg = Release|Any CPU
		{444BDC96-885E-4101-BC82-7F56D4844766}.Release|Any CPU.Build.0 = Release|Any CPU
	EndGlobalSection
	GlobalSection(SolutionProperties) = preSolution
		HideSolutionNode = FALSE
	EndGlobalSection
	GlobalSection(ExtensibilityGlobals) = postSolution
		SolutionGuid = {86EE0C92-CD2E-4B24-96B9-0C4174DAB65C}
	EndGlobalSection
EndGlobal
